
Microsoft Visual Studio Solution File, Format Version 12.00
# Visual Studio Version 16
VisualStudioVersion = 16.0.31702.278
MinimumVisualStudioVersion = 10.0.40219.1
Project("{9A19103F-16F7-4668-BE54-9A1E7A4F7556}") = "Task2Library", "Task2Library\Task2Library.csproj", "{EFC45A67-A9AF-49B5-A006-A05D58E31844}"
EndProject
Project("{9A19103F-16F7-4668-BE54-9A1E7A4F7556}") = "Task3Convertor", "Task3Convertor\Task3Convertor.csproj", "{332F565F-6F37-450B-BA08-76B68399C0EB}"
EndProject
Project("{FAE04EC0-301F-11D3-BF4B-00C04F79EFBC}") = "AdditionalTask Reflector", "AdditionalTask Reflector\AdditionalTask Reflector.csproj", "{7798A4D2-C179-4065-8114-63A9AF7BAD4F}"
EndProject
Global
	GlobalSection(SolutionConfigurationPlatforms) = preSolution
		Debug|Any CPU = Debug|Any CPU
		Release|Any CPU = Release|Any CPU
	EndGlobalSection
	GlobalSection(ProjectConfigurationPlatforms) = postSolution
		{EFC45A67-A9AF-49B5-A006-A05D58E31844}.Debug|Any CPU.ActiveCfg = Debug|Any CPU
		{EFC45A67-A9AF-49B5-A006-A05D58E31844}.Debug|Any CPU.Build.0 = Debug|Any CPU
		{EFC45A67-A9AF-49B5-A006-A05D58E31844}.Release|Any CPU.ActiveCfg = Release|Any CPU
		{EFC45A67-A9AF-49B5-A006-A05D58E31844}.Release|Any CPU.Build.0 = Release|Any CPU
		{332F565F-6F37-450B-BA08-76B68399C0EB}.Debug|Any CPU.ActiveCfg = Debug|Any CPU
		{332F565F-6F37-450B-BA08-76B68399C0EB}.Debug|Any CPU.Build.0 = Debug|Any CPU
		{332F565F-6F37-450B-BA08-76B68399C0EB}.Release|Any CPU.ActiveCfg = Release|Any CPU
		{332F565F-6F37-450B-BA08-76B68399C0EB}.Release|Any CPU.Build.0 = Release|Any CPU
		{7798A4D2-C179-4065-8114-63A9AF7BAD4F}.Debug|Any CPU.ActiveCfg = Debug|Any CPU
		{7798A4D2-C179-4065-8114-63A9AF7BAD4F}.Debug|Any CPU.Build.0 = Debug|Any CPU
		{7798A4D2-C179-4065-8114-63A9AF7BAD4F}.Release|Any CPU.ActiveCfg = Release|Any CPU
		{7798A4D2-C179-4065-8114-63A9AF7BAD4F}.Release|Any CPU.Build.0 = Release|Any CPU
	EndGlobalSection
	GlobalSection(SolutionProperties) = preSolution
		HideSolutionNode = FALSE
	EndGlobalSection
	GlobalSection(ExtensibilityGlobals) = postSolution
		SolutionGuid = {210A3542-840D-4939-8293-617F51AD48FA}
	EndGlobalSection
EndGlobal
