
Microsoft Visual Studio Solution File, Format Version 12.00
# Visual Studio Version 16
VisualStudioVersion = 16.0.31702.278
MinimumVisualStudioVersion = 10.0.40219.1
Project("{FAE04EC0-301F-11D3-BF4B-00C04F79EFBC}") = "Additional Task", "Additional Task\Additional Task.csproj", "{6B96E1BA-DEAF-49A3-9B7B-466D3FC6882D}"
EndProject
Project("{FAE04EC0-301F-11D3-BF4B-00C04F79EFBC}") = "Task2", "Task2\Task2.csproj", "{4FDC9334-1D20-4F67-8B71-E2E8ACD2828C}"
EndProject
Global
	GlobalSection(SolutionConfigurationPlatforms) = preSolution
		Debug|Any CPU = Debug|Any CPU
		Release|Any CPU = Release|Any CPU
	EndGlobalSection
	GlobalSection(ProjectConfigurationPlatforms) = postSolution
		{6B96E1BA-DEAF-49A3-9B7B-466D3FC6882D}.Debug|Any CPU.ActiveCfg = Debug|Any CPU
		{6B96E1BA-DEAF-49A3-9B7B-466D3FC6882D}.Debug|Any CPU.Build.0 = Debug|Any CPU
		{6B96E1BA-DEAF-49A3-9B7B-466D3FC6882D}.Release|Any CPU.ActiveCfg = Release|Any CPU
		{6B96E1BA-DEAF-49A3-9B7B-466D3FC6882D}.Release|Any CPU.Build.0 = Release|Any CPU
		{4FDC9334-1D20-4F67-8B71-E2E8ACD2828C}.Debug|Any CPU.ActiveCfg = Debug|Any CPU
		{4FDC9334-1D20-4F67-8B71-E2E8ACD2828C}.Debug|Any CPU.Build.0 = Debug|Any CPU
		{4FDC9334-1D20-4F67-8B71-E2E8ACD2828C}.Release|Any CPU.ActiveCfg = Release|Any CPU
		{4FDC9334-1D20-4F67-8B71-E2E8ACD2828C}.Release|Any CPU.Build.0 = Release|Any CPU
	EndGlobalSection
	GlobalSection(SolutionProperties) = preSolution
		HideSolutionNode = FALSE
	EndGlobalSection
	GlobalSection(ExtensibilityGlobals) = postSolution
		SolutionGuid = {FD68CF52-098A-4BAA-A6F9-79248D4CD949}
	EndGlobalSection
EndGlobal
