
Microsoft Visual Studio Solution File, Format Version 12.00
# Visual Studio Version 16
VisualStudioVersion = 16.0.31702.278
MinimumVisualStudioVersion = 10.0.40219.1
Project("{FAE04EC0-301F-11D3-BF4B-00C04F79EFBC}") = "Additional Task", "Additional Task\Additional Task.csproj", "{AB5449A2-19C2-4B60-98E8-7AF4FA729D60}"
EndProject
Project("{FAE04EC0-301F-11D3-BF4B-00C04F79EFBC}") = "Task2", "Task2\Task2.csproj", "{462D745E-B5B5-44C4-A701-8EFCBBED728A}"
EndProject
Global
	GlobalSection(SolutionConfigurationPlatforms) = preSolution
		Debug|Any CPU = Debug|Any CPU
		Release|Any CPU = Release|Any CPU
	EndGlobalSection
	GlobalSection(ProjectConfigurationPlatforms) = postSolution
		{AB5449A2-19C2-4B60-98E8-7AF4FA729D60}.Debug|Any CPU.ActiveCfg = Debug|Any CPU
		{AB5449A2-19C2-4B60-98E8-7AF4FA729D60}.Debug|Any CPU.Build.0 = Debug|Any CPU
		{AB5449A2-19C2-4B60-98E8-7AF4FA729D60}.Release|Any CPU.ActiveCfg = Release|Any CPU
		{AB5449A2-19C2-4B60-98E8-7AF4FA729D60}.Release|Any CPU.Build.0 = Release|Any CPU
		{462D745E-B5B5-44C4-A701-8EFCBBED728A}.Debug|Any CPU.ActiveCfg = Debug|Any CPU
		{462D745E-B5B5-44C4-A701-8EFCBBED728A}.Debug|Any CPU.Build.0 = Debug|Any CPU
		{462D745E-B5B5-44C4-A701-8EFCBBED728A}.Release|Any CPU.ActiveCfg = Release|Any CPU
		{462D745E-B5B5-44C4-A701-8EFCBBED728A}.Release|Any CPU.Build.0 = Release|Any CPU
	EndGlobalSection
	GlobalSection(SolutionProperties) = preSolution
		HideSolutionNode = FALSE
	EndGlobalSection
	GlobalSection(ExtensibilityGlobals) = postSolution
		SolutionGuid = {7BB7E075-AD78-47E4-8FD5-6E4C4BC086A7}
	EndGlobalSection
EndGlobal
